
Microsoft Visual Studio Solution File, Format Version 12.00
# Visual Studio 2015
Project("{FAE04EC0-301F-11D3-BF4B-00C04F79EFBC}") = "assignment1.CSharp", "assignment1.CSharp.csproj", "{05357345-CED8-2D9B-968F-B93A1251DA3A}"
EndProject
Global
	GlobalSection(SolutionConfigurationPlatforms) = preSolution
		Debug|Any CPU = Debug|Any CPU
		Release|Any CPU = Release|Any CPU
	EndGlobalSection
	GlobalSection(ProjectConfigurationPlatforms) = postSolution
		{05357345-CED8-2D9B-968F-B93A1251DA3A}.Debug|Any CPU.ActiveCfg = Debug|Any CPU
		{05357345-CED8-2D9B-968F-B93A1251DA3A}.Debug|Any CPU.Build.0 = Debug|Any CPU
		{05357345-CED8-2D9B-968F-B93A1251DA3A}.Release|Any CPU.ActiveCfg = Release|Any CPU
		{05357345-CED8-2D9B-968F-B93A1251DA3A}.Release|Any CPU.Build.0 = Release|Any CPU
	EndGlobalSection
	GlobalSection(SolutionProperties) = preSolution
		HideSolutionNode = FALSE
	EndGlobalSection
EndGlobal
